// !$*UTF8*$!
{
	archiveVersion = 1;
	classes = {
	};
	objectVersion = 50;
	objects = {

/* Begin PBXBuildFile section */
		5762846C240649E40025FA37 /* RCGradualChangeViewController.m in Sources */ = {isa = PBXBuildFile; fileRef = 5762846B240649E40025FA37 /* RCGradualChangeViewController.m */; };
		5765528323FF841D00DAC5B2 /* AppDelegate.m in Sources */ = {isa = PBXBuildFile; fileRef = 5765528223FF841D00DAC5B2 /* AppDelegate.m */; };
		5765528623FF841D00DAC5B2 /* SceneDelegate.m in Sources */ = {isa = PBXBuildFile; fileRef = 5765528523FF841D00DAC5B2 /* SceneDelegate.m */; };
		5765528923FF841D00DAC5B2 /* ViewController.m in Sources */ = {isa = PBXBuildFile; fileRef = 5765528823FF841D00DAC5B2 /* ViewController.m */; };
		5765528C23FF841D00DAC5B2 /* Main.storyboard in Resources */ = {isa = PBXBuildFile; fileRef = 5765528A23FF841D00DAC5B2 /* Main.storyboard */; };
		5765528E23FF841F00DAC5B2 /* Assets.xcassets in Resources */ = {isa = PBXBuildFile; fileRef = 5765528D23FF841F00DAC5B2 /* Assets.xcassets */; };
		5765529123FF841F00DAC5B2 /* LaunchScreen.storyboard in Resources */ = {isa = PBXBuildFile; fileRef = 5765528F23FF841F00DAC5B2 /* LaunchScreen.storyboard */; };
		5765529423FF841F00DAC5B2 /* main.m in Sources */ = {isa = PBXBuildFile; fileRef = 5765529323FF841F00DAC5B2 /* main.m */; };
		576552A12401821300DAC5B2 /* download1.jpeg in Resources */ = {isa = PBXBuildFile; fileRef = 5765529D2401821300DAC5B2 /* download1.jpeg */; };
		576552A22401821300DAC5B2 /* download.jpeg in Resources */ = {isa = PBXBuildFile; fileRef = 5765529E2401821300DAC5B2 /* download.jpeg */; };
		576552A32401821300DAC5B2 /* download2.jpeg in Resources */ = {isa = PBXBuildFile; fileRef = 5765529F2401821300DAC5B2 /* download2.jpeg */; };
		576552A42401821300DAC5B2 /* images.jpeg in Resources */ = {isa = PBXBuildFile; fileRef = 576552A02401821300DAC5B2 /* images.jpeg */; };
		577AE41C240427AA00513EA1 /* TestNaviBarViewController.m in Sources */ = {isa = PBXBuildFile; fileRef = 577AE41B240427AA00513EA1 /* TestNaviBarViewController.m */; };
/* End PBXBuildFile section */

/* Begin PBXFileReference section */
		5762846A240649E40025FA37 /* RCGradualChangeViewController.h */ = {isa = PBXFileReference; lastKnownFileType = sourcecode.c.h; path = RCGradualChangeViewController.h; sourceTree = "<group>"; };
		5762846B240649E40025FA37 /* RCGradualChangeViewController.m */ = {isa = PBXFileReference; lastKnownFileType = sourcecode.c.objc; path = RCGradualChangeViewController.m; sourceTree = "<group>"; };
		5765527E23FF841D00DAC5B2 /* RCNavigationBar.app */ = {isa = PBXFileReference; explicitFileType = wrapper.application; includeInIndex = 0; path = RCNavigationBar.app; sourceTree = BUILT_PRODUCTS_DIR; };
		5765528123FF841D00DAC5B2 /* AppDelegate.h */ = {isa = PBXFileReference; lastKnownFileType = sourcecode.c.h; path = AppDelegate.h; sourceTree = "<group>"; };
		5765528223FF841D00DAC5B2 /* AppDelegate.m */ = {isa = PBXFileReference; lastKnownFileType = sourcecode.c.objc; path = AppDelegate.m; sourceTree = "<group>"; };
		5765528423FF841D00DAC5B2 /* SceneDelegate.h */ = {isa = PBXFileReference; lastKnownFileType = sourcecode.c.h; path = SceneDelegate.h; sourceTree = "<group>"; };
		5765528523FF841D00DAC5B2 /* SceneDelegate.m */ = {isa = PBXFileReference; lastKnownFileType = sourcecode.c.objc; path = SceneDelegate.m; sourceTree = "<group>"; };
		5765528723FF841D00DAC5B2 /* ViewController.h */ = {isa = PBXFileReference; lastKnownFileType = sourcecode.c.h; path = ViewController.h; sourceTree = "<group>"; };
		5765528823FF841D00DAC5B2 /* ViewController.m */ = {isa = PBXFileReference; lastKnownFileType = sourcecode.c.objc; path = ViewController.m; sourceTree = "<group>"; };
		5765528B23FF841D00DAC5B2 /* Base */ = {isa = PBXFileReference; lastKnownFileType = file.storyboard; name = Base; path = Base.lproj/Main.storyboard; sourceTree = "<group>"; };
		5765528D23FF841F00DAC5B2 /* Assets.xcassets */ = {isa = PBXFileReference; lastKnownFileType = folder.assetcatalog; path = Assets.xcassets; sourceTree = "<group>"; };
		5765529023FF841F00DAC5B2 /* Base */ = {isa = PBXFileReference; lastKnownFileType = file.storyboard; name = Base; path = Base.lproj/LaunchScreen.storyboard; sourceTree = "<group>"; };
		5765529223FF841F00DAC5B2 /* Info.plist */ = {isa = PBXFileReference; lastKnownFileType = text.plist.xml; path = Info.plist; sourceTree = "<group>"; };
		5765529323FF841F00DAC5B2 /* main.m */ = {isa = PBXFileReference; lastKnownFileType = sourcecode.c.objc; path = main.m; sourceTree = "<group>"; };
		5765529D2401821300DAC5B2 /* download1.jpeg */ = {isa = PBXFileReference; lastKnownFileType = image.jpeg; path = download1.jpeg; sourceTree = "<group>"; };
		5765529E2401821300DAC5B2 /* download.jpeg */ = {isa = PBXFileReference; lastKnownFileType = image.jpeg; path = download.jpeg; sourceTree = "<group>"; };
		5765529F2401821300DAC5B2 /* download2.jpeg */ = {isa = PBXFileReference; lastKnownFileType = image.jpeg; path = download2.jpeg; sourceTree = "<group>"; };
		576552A02401821300DAC5B2 /* images.jpeg */ = {isa = PBXFileReference; lastKnownFileType = image.jpeg; path = images.jpeg; sourceTree = "<group>"; };
		577AE41A240427AA00513EA1 /* TestNaviBarViewController.h */ = {isa = PBXFileReference; lastKnownFileType = sourcecode.c.h; path = TestNaviBarViewController.h; sourceTree = "<group>"; };
		577AE41B240427AA00513EA1 /* TestNaviBarViewController.m */ = {isa = PBXFileReference; lastKnownFileType = sourcecode.c.objc; path = TestNaviBarViewController.m; sourceTree = "<group>"; };
/* End PBXFileReference section */

/* Begin PBXFrameworksBuildPhase section */
		5765527B23FF841D00DAC5B2 /* Frameworks */ = {
			isa = PBXFrameworksBuildPhase;
			buildActionMask = 2147483647;
			files = (
			);
			runOnlyForDeploymentPostprocessing = 0;
		};
/* End PBXFrameworksBuildPhase section */

/* Begin PBXGroup section */
		5765527523FF841D00DAC5B2 = {
			isa = PBXGroup;
			children = (
				5765528023FF841D00DAC5B2 /* RCNavigationBar */,
				5765527F23FF841D00DAC5B2 /* Products */,
			);
			sourceTree = "<group>";
		};
		5765527F23FF841D00DAC5B2 /* Products */ = {
			isa = PBXGroup;
			children = (
				5765527E23FF841D00DAC5B2 /* RCNavigationBar.app */,
			);
			name = Products;
			sourceTree = "<group>";
		};
		5765528023FF841D00DAC5B2 /* RCNavigationBar */ = {
			isa = PBXGroup;
			children = (
				577AE41924040B8000513EA1 /* Images */,
				5765528123FF841D00DAC5B2 /* AppDelegate.h */,
				5765528223FF841D00DAC5B2 /* AppDelegate.m */,
				5765528423FF841D00DAC5B2 /* SceneDelegate.h */,
				5765528523FF841D00DAC5B2 /* SceneDelegate.m */,
				5765528723FF841D00DAC5B2 /* ViewController.h */,
				5765528823FF841D00DAC5B2 /* ViewController.m */,
				5762846A240649E40025FA37 /* RCGradualChangeViewController.h */,
				5762846B240649E40025FA37 /* RCGradualChangeViewController.m */,
				577AE41A240427AA00513EA1 /* TestNaviBarViewController.h */,
				577AE41B240427AA00513EA1 /* TestNaviBarViewController.m */,
				5765528A23FF841D00DAC5B2 /* Main.storyboard */,
				5765528D23FF841F00DAC5B2 /* Assets.xcassets */,
				5765528F23FF841F00DAC5B2 /* LaunchScreen.storyboard */,
				5765529223FF841F00DAC5B2 /* Info.plist */,
				5765529323FF841F00DAC5B2 /* main.m */,
			);
			path = RCNavigationBar;
			sourceTree = "<group>";
		};
		577AE41924040B8000513EA1 /* Images */ = {
			isa = PBXGroup;
			children = (
				5765529D2401821300DAC5B2 /* download1.jpeg */,
				5765529F2401821300DAC5B2 /* download2.jpeg */,
				5765529E2401821300DAC5B2 /* download.jpeg */,
				576552A02401821300DAC5B2 /* images.jpeg */,
			);
			path = Images;
			sourceTree = "<group>";
		};
/* End PBXGroup section */

/* Begin PBXNativeTarget section */
		5765527D23FF841D00DAC5B2 /* RCNavigationBar */ = {
			isa = PBXNativeTarget;
			buildConfigurationList = 5765529723FF841F00DAC5B2 /* Build configuration list for PBXNativeTarget "RCNavigationBar" */;
			buildPhases = (
				5765527A23FF841D00DAC5B2 /* Sources */,
				5765527B23FF841D00DAC5B2 /* Frameworks */,
				5765527C23FF841D00DAC5B2 /* Resources */,
			);
			buildRules = (
			);
			dependencies = (
			);
			name = RCNavigationBar;
			productName = RCNavigationBar;
			productReference = 5765527E23FF841D00DAC5B2 /* RCNavigationBar.app */;
			productType = "com.apple.product-type.application";
		};
/* End PBXNativeTarget section */

/* Begin PBXProject section */
		5765527623FF841D00DAC5B2 /* Project object */ = {
			isa = PBXProject;
			attributes = {
				LastUpgradeCheck = 1130;
				ORGANIZATIONNAME = renchao;
				TargetAttributes = {
					5765527D23FF841D00DAC5B2 = {
						CreatedOnToolsVersion = 11.3.1;
					};
				};
			};
			buildConfigurationList = 5765527923FF841D00DAC5B2 /* Build configuration list for PBXProject "RCNavigationBar" */;
			compatibilityVersion = "Xcode 9.3";
			developmentRegion = en;
			hasScannedForEncodings = 0;
			knownRegions = (
				en,
				Base,
			);
			mainGroup = 5765527523FF841D00DAC5B2;
			productRefGroup = 5765527F23FF841D00DAC5B2 /* Products */;
			projectDirPath = "";
			projectRoot = "";
			targets = (
				5765527D23FF841D00DAC5B2 /* RCNavigationBar */,
			);
		};
/* End PBXProject section */

/* Begin PBXResourcesBuildPhase section */
		5765527C23FF841D00DAC5B2 /* Resources */ = {
			isa = PBXResourcesBuildPhase;
			buildActionMask = 2147483647;
			files = (
				5765529123FF841F00DAC5B2 /* LaunchScreen.storyboard in Resources */,
				5765528E23FF841F00DAC5B2 /* Assets.xcassets in Resources */,
				576552A32401821300DAC5B2 /* download2.jpeg in Resources */,
				576552A42401821300DAC5B2 /* images.jpeg in Resources */,
				576552A22401821300DAC5B2 /* download.jpeg in Resources */,
				5765528C23FF841D00DAC5B2 /* Main.storyboard in Resources */,
				576552A12401821300DAC5B2 /* download1.jpeg in Resources */,
			);
			runOnlyForDeploymentPostprocessing = 0;
		};
/* End PBXResourcesBuildPhase section */

/* Begin PBXSourcesBuildPhase section */
		5765527A23FF841D00DAC5B2 /* Sources */ = {
			isa = PBXSourcesBuildPhase;
			buildActionMask = 2147483647;
			files = (
				5765528923FF841D00DAC5B2 /* ViewController.m in Sources */,
				5765528323FF841D00DAC5B2 /* AppDelegate.m in Sources */,
				5762846C240649E40025FA37 /* RCGradualChangeViewController.m in Sources */,
				577AE41C240427AA00513EA1 /* TestNaviBarViewController.m in Sources */,
				5765529423FF841F00DAC5B2 /* main.m in Sources */,
				5765528623FF841D00DAC5B2 /* SceneDelegate.m in Sources */,
			);
			runOnlyForDeploymentPostprocessing = 0;
		};
/* End PBXSourcesBuildPhase section */

/* Begin PBXVariantGroup section */
		5765528A23FF841D00DAC5B2 /* Main.storyboard */ = {
			isa = PBXVariantGroup;
			children = (
				5765528B23FF841D00DAC5B2 /* Base */,
			);
			name = Main.storyboard;
			sourceTree = "<group>";
		};
		5765528F23FF841F00DAC5B2 /* LaunchScreen.storyboard */ = {
			isa = PBXVariantGroup;
			children = (
				5765529023FF841F00DAC5B2 /* Base */,
			);
			name = LaunchScreen.storyboard;
			sourceTree = "<group>";
		};
/* End PBXVariantGroup section */

/* Begin XCBuildConfiguration section */
		5765529523FF841F00DAC5B2 /* Debug */ = {
			isa = XCBuildConfiguration;
			buildSettings = {
				ALWAYS_SEARCH_USER_PATHS = NO;
				CLANG_ANALYZER_NONNULL = YES;
				CLANG_ANALYZER_NUMBER_OBJECT_CONVERSION = YES_AGGRESSIVE;
				CLANG_CXX_LANGUAGE_STANDARD = "gnu++14";
				CLANG_CXX_LIBRARY = "libc++";
				CLANG_ENABLE_MODULES = YES;
				CLANG_ENABLE_OBJC_ARC = YES;
				CLANG_ENABLE_OBJC_WEAK = YES;
				CLANG_WARN_BLOCK_CAPTURE_AUTORELEASING = YES;
				CLANG_WARN_BOOL_CONVERSION = YES;
				CLANG_WARN_COMMA = YES;
				CLANG_WARN_CONSTANT_CONVERSION = YES;
				CLANG_WARN_DEPRECATED_OBJC_IMPLEMENTATIONS = YES;
				CLANG_WARN_DIRECT_OBJC_ISA_USAGE = YES_ERROR;
				CLANG_WARN_DOCUMENTATION_COMMENTS = YES;
				CLANG_WARN_EMPTY_BODY = YES;
				CLANG_WARN_ENUM_CONVERSION = YES;
				CLANG_WARN_INFINITE_RECURSION = YES;
				CLANG_WARN_INT_CONVERSION = YES;
				CLANG_WARN_NON_LITERAL_NULL_CONVERSION = YES;
				CLANG_WARN_OBJC_IMPLICIT_RETAIN_SELF = YES;
				CLANG_WARN_OBJC_LITERAL_CONVERSION = YES;
				CLANG_WARN_OBJC_ROOT_CLASS = YES_ERROR;
				CLANG_WARN_RANGE_LOOP_ANALYSIS = YES;
				CLANG_WARN_STRICT_PROTOTYPES = YES;
				CLANG_WARN_SUSPICIOUS_MOVE = YES;
				CLANG_WARN_UNGUARDED_AVAILABILITY = YES_AGGRESSIVE;
				CLANG_WARN_UNREACHABLE_CODE = YES;
				CLANG_WARN__DUPLICATE_METHOD_MATCH = YES;
				COPY_PHASE_STRIP = NO;
				DEBUG_INFORMATION_FORMAT = dwarf;
				ENABLE_STRICT_OBJC_MSGSEND = YES;
				ENABLE_TESTABILITY = YES;
				GCC_C_LANGUAGE_STANDARD = gnu11;
				GCC_DYNAMIC_NO_PIC = NO;
				GCC_NO_COMMON_BLOCKS = YES;
				GCC_OPTIMIZATION_LEVEL = 0;
				GCC_PREPROCESSOR_DEFINITIONS = (
					"DEBUG=1",
					"$(inherited)",
				);
				GCC_WARN_64_TO_32_BIT_CONVERSION = YES;
				GCC_WARN_ABOUT_RETURN_TYPE = YES_ERROR;
				GCC_WARN_UNDECLARED_SELECTOR = YES;
				GCC_WARN_UNINITIALIZED_AUTOS = YES_AGGRESSIVE;
				GCC_WARN_UNUSED_FUNCTION = YES;
				GCC_WARN_UNUSED_VARIABLE = YES;
				IPHONEOS_DEPLOYMENT_TARGET = 13.2;
				MTL_ENABLE_DEBUG_INFO = INCLUDE_SOURCE;
				MTL_FAST_MATH = YES;
				ONLY_ACTIVE_ARCH = YES;
				SDKROOT = iphoneos;
			};
			name = Debug;
		};
		5765529623FF841F00DAC5B2 /* Release */ = {
			isa = XCBuildConfiguration;
			buildSettings = {
				ALWAYS_SEARCH_USER_PATHS = NO;
				CLANG_ANALYZER_NONNULL = YES;
				CLANG_ANALYZER_NUMBER_OBJECT_CONVERSION = YES_AGGRESSIVE;
				CLANG_CXX_LANGUAGE_STANDARD = "gnu++14";
				CLANG_CXX_LIBRARY = "libc++";
				CLANG_ENABLE_MODULES = YES;
				CLANG_ENABLE_OBJC_ARC = YES;
				CLANG_ENABLE_OBJC_WEAK = YES;
				CLANG_WARN_BLOCK_CAPTURE_AUTORELEASING = YES;
				CLANG_WARN_BOOL_CONVERSION = YES;
				CLANG_WARN_COMMA = YES;
				CLANG_WARN_CONSTANT_CONVERSION = YES;
				CLANG_WARN_DEPRECATED_OBJC_IMPLEMENTATIONS = YES;
				CLANG_WARN_DIRECT_OBJC_ISA_USAGE = YES_ERROR;
				CLANG_WARN_DOCUMENTATION_COMMENTS = YES;
				CLANG_WARN_EMPTY_BODY = YES;
				CLANG_WARN_ENUM_CONVERSION = YES;
				CLANG_WARN_INFINITE_RECURSION = YES;
				CLANG_WARN_INT_CONVERSION = YES;
				CLANG_WARN_NON_LITERAL_NULL_CONVERSION = YES;
				CLANG_WARN_OBJC_IMPLICIT_RETAIN_SELF = YES;
				CLANG_WARN_OBJC_LITERAL_CONVERSION = YES;
				CLANG_WARN_OBJC_ROOT_CLASS = YES_ERROR;
				CLANG_WARN_RANGE_LOOP_ANALYSIS = YES;
				CLANG_WARN_STRICT_PROTOTYPES = YES;
				CLANG_WARN_SUSPICIOUS_MOVE = YES;
				CLANG_WARN_UNGUARDED_AVAILABILITY = YES_AGGRESSIVE;
				CLANG_WARN_UNREACHABLE_CODE = YES;
				CLANG_WARN__DUPLICATE_METHOD_MATCH = YES;
				COPY_PHASE_STRIP = NO;
				DEBUG_INFORMATION_FORMAT = "dwarf-with-dsym";
				ENABLE_NS_ASSERTIONS = NO;
				ENABLE_STRICT_OBJC_MSGSEND = YES;
				GCC_C_LANGUAGE_STANDARD = gnu11;
				GCC_NO_COMMON_BLOCKS = YES;
				GCC_WARN_64_TO_32_BIT_CONVERSION = YES;
				GCC_WARN_ABOUT_RETURN_TYPE = YES_ERROR;
				GCC_WARN_UNDECLARED_SELECTOR = YES;
				GCC_WARN_UNINITIALIZED_AUTOS = YES_AGGRESSIVE;
				GCC_WARN_UNUSED_FUNCTION = YES;
				GCC_WARN_UNUSED_VARIABLE = YES;
				IPHONEOS_DEPLOYMENT_TARGET = 13.2;
				MTL_ENABLE_DEBUG_INFO = NO;
				MTL_FAST_MATH = YES;
				SDKROOT = iphoneos;
				VALIDATE_PRODUCT = YES;
			};
			name = Release;
		};
		5765529823FF841F00DAC5B2 /* Debug */ = {
			isa = XCBuildConfiguration;
			buildSettings = {
				ASSETCATALOG_COMPILER_APPICON_NAME = AppIcon;
				CODE_SIGN_STYLE = Automatic;
				DEVELOPMENT_TEAM = 5YLT96Q46A;
				INFOPLIST_FILE = RCNavigationBar/Info.plist;
				IPHONEOS_DEPLOYMENT_TARGET = 12.4;
				LD_RUNPATH_SEARCH_PATHS = (
					"$(inherited)",
					"@executable_path/Frameworks",
				);
				PRODUCT_BUNDLE_IDENTIFIER = com.RCNavigationBar;
				PRODUCT_NAME = "$(TARGET_NAME)";
				TARGETED_DEVICE_FAMILY = "1,2";
			};
			name = Debug;
		};
		5765529923FF841F00DAC5B2 /* Release */ = {
			isa = XCBuildConfiguration;
			buildSettings = {
				ASSETCATALOG_COMPILER_APPICON_NAME = AppIcon;
				CODE_SIGN_STYLE = Automatic;
				DEVELOPMENT_TEAM = 5YLT96Q46A;
				INFOPLIST_FILE = RCNavigationBar/Info.plist;
				IPHONEOS_DEPLOYMENT_TARGET = 12.4;
				LD_RUNPATH_SEARCH_PATHS = (
					"$(inherited)",
					"@executable_path/Frameworks",
				);
				PRODUCT_BUNDLE_IDENTIFIER = com.RCNavigationBar;
				PRODUCT_NAME = "$(TARGET_NAME)";
				TARGETED_DEVICE_FAMILY = "1,2";
			};
			name = Release;
		};
/* End XCBuildConfiguration section */

/* Begin XCConfigurationList section */
		5765527923FF841D00DAC5B2 /* Build configuration list for PBXProject "RCNavigationBar" */ = {
			isa = XCConfigurationList;
			buildConfigurations = (
				5765529523FF841F00DAC5B2 /* Debug */,
				5765529623FF841F00DAC5B2 /* Release */,
			);
			defaultConfigurationIsVisible = 0;
			defaultConfigurationName = Release;
		};
		5765529723FF841F00DAC5B2 /* Build configuration list for PBXNativeTarget "RCNavigationBar" */ = {
			isa = XCConfigurationList;
			buildConfigurations = (
				5765529823FF841F00DAC5B2 /* Debug */,
				5765529923FF841F00DAC5B2 /* Release */,
			);
			defaultConfigurationIsVisible = 0;
			defaultConfigurationName = Release;
		};
/* End XCConfigurationList section */
	};
	rootObject = 5765527623FF841D00DAC5B2 /* Project object */;
}
